
Microsoft Visual Studio Solution File, Format Version 12.00
# Visual Studio Version 17
VisualStudioVersion = 17.5.002.0
MinimumVisualStudioVersion = 10.0.40219.1
Project("{2150E333-8FDC-42A3-9474-1A3956D46DE8}") = "csharp-prep", "csharp-prep", "{80A5BE22-009C-4C4D-A676-A4A5513A3DDD}"
EndProject
Project("{9A19103F-16F7-4668-BE54-9A1E7A4F7556}") = "Prep1", "csharp-prep\Prep1\Prep1.csproj", "{4A06B979-7179-4DBE-8E7B-39AE904A4860}"
EndProject
Project("{9A19103F-16F7-4668-BE54-9A1E7A4F7556}") = "Prep2", "csharp-prep\Prep2\Prep2.csproj", "{8AFA64D0-7FC6-44DB-963E-81FDDB077820}"
EndProject
Project("{9A19103F-16F7-4668-BE54-9A1E7A4F7556}") = "Prep3", "csharp-prep\Prep3\Prep3.csproj", "{4BA8D738-1A7E-40E6-BB12-8706E79A72C7}"
EndProject
Project("{9A19103F-16F7-4668-BE54-9A1E7A4F7556}") = "Prep4", "csharp-prep\Prep4\Prep4.csproj", "{A871EC22-5DAF-4083-8567-679678EDF6D7}"
EndProject
Project("{9A19103F-16F7-4668-BE54-9A1E7A4F7556}") = "Prep5", "csharp-prep\Prep5\Prep5.csproj", "{906C637D-5668-45A9-AD94-BFE5921554B9}"
EndProject
Project("{2150E333-8FDC-42A3-9474-1A3956D46DE8}") = "final", "final", "{961BB65A-40C3-4433-A3A9-537EEB5BC7F1}"
EndProject
Project("{9A19103F-16F7-4668-BE54-9A1E7A4F7556}") = "FinalProject", "final\FinalProject\FinalProject.csproj", "{CDBE5431-26F7-462B-B200-7AE5CA6AF4C2}"
EndProject
Project("{9A19103F-16F7-4668-BE54-9A1E7A4F7556}") = "Foundation1", "final\Foundation1\Foundation1.csproj", "{F729BA7C-07DD-430F-B436-961B09CD8C16}"
EndProject
Project("{9A19103F-16F7-4668-BE54-9A1E7A4F7556}") = "Foundation2", "final\Foundation2\Foundation2.csproj", "{9C735847-5BEE-4B40-BF8E-EF2BC35A3837}"
EndProject
Project("{9A19103F-16F7-4668-BE54-9A1E7A4F7556}") = "Foundation3", "final\Foundation3\Foundation3.csproj", "{A60C3695-EF0E-4F6C-A18C-4AB5C8BA970B}"
EndProject
Project("{9A19103F-16F7-4668-BE54-9A1E7A4F7556}") = "Foundation4", "final\Foundation4\Foundation4.csproj", "{A497E7D7-2693-4BF7-B383-EC5EB29270F1}"
EndProject
Project("{2150E333-8FDC-42A3-9474-1A3956D46DE8}") = "prepare", "prepare", "{B5BB389B-4E13-4B93-9D02-4B1B73EC4253}"
EndProject
Project("{9A19103F-16F7-4668-BE54-9A1E7A4F7556}") = "Learning02", "prepare\Learning02\Learning02.csproj", "{C15D093B-FD4B-4126-B596-5554D7568062}"
EndProject
Project("{9A19103F-16F7-4668-BE54-9A1E7A4F7556}") = "Learning03", "prepare\Learning03\Learning03.csproj", "{974177E0-7F76-4E85-967D-A8E8F69E38C0}"
EndProject
Project("{9A19103F-16F7-4668-BE54-9A1E7A4F7556}") = "Learning04", "prepare\Learning04\Learning04.csproj", "{AF4B682A-4DFB-4D89-A30E-1201FBB03588}"
EndProject
Project("{9A19103F-16F7-4668-BE54-9A1E7A4F7556}") = "Learning05", "prepare\Learning05\Learning05.csproj", "{C6E62C12-5B9B-4FFB-9BEE-BA4DC28909CF}"
EndProject
Project("{2150E333-8FDC-42A3-9474-1A3956D46DE8}") = "prove", "prove", "{7E2B4119-E35D-4B30-9BDE-6378C5A94675}"
EndProject
Project("{9A19103F-16F7-4668-BE54-9A1E7A4F7556}") = "Develop02", "prove\Develop02\Develop02.csproj", "{0B4E2B56-FB0C-4FDB-B96F-2E09DCB1D7A2}"
EndProject
Project("{9A19103F-16F7-4668-BE54-9A1E7A4F7556}") = "Develop03", "prove\Develop03\Develop03.csproj", "{04D7F337-C906-4852-831B-7B6FAEACC6DD}"
EndProject
Project("{9A19103F-16F7-4668-BE54-9A1E7A4F7556}") = "Develop04", "prove\Develop04\Develop04.csproj", "{CEE8302F-861C-4BF2-92AC-746C36A85387}"
EndProject
Project("{9A19103F-16F7-4668-BE54-9A1E7A4F7556}") = "Develop05", "prove\Develop05\Develop05.csproj", "{793B7824-B60D-4371-B555-E9C503506567}"
EndProject
Project("{2150E333-8FDC-42A3-9474-1A3956D46DE8}") = "sandbox", "sandbox", "{BD1D7926-566B-44CD-A11E-1CD93920F3FF}"
EndProject
Project("{9A19103F-16F7-4668-BE54-9A1E7A4F7556}") = "Sandbox", "sandbox\Sandbox\Sandbox.csproj", "{06436F6F-4D28-463D-9B88-36C93EDC3D7D}"
EndProject
Global
	GlobalSection(SolutionConfigurationPlatforms) = preSolution
		Debug|Any CPU = Debug|Any CPU
		Release|Any CPU = Release|Any CPU
	EndGlobalSection
	GlobalSection(ProjectConfigurationPlatforms) = postSolution
		{4A06B979-7179-4DBE-8E7B-39AE904A4860}.Debug|Any CPU.ActiveCfg = Debug|Any CPU
		{4A06B979-7179-4DBE-8E7B-39AE904A4860}.Debug|Any CPU.Build.0 = Debug|Any CPU
		{4A06B979-7179-4DBE-8E7B-39AE904A4860}.Release|Any CPU.ActiveCfg = Release|Any CPU
		{4A06B979-7179-4DBE-8E7B-39AE904A4860}.Release|Any CPU.Build.0 = Release|Any CPU
		{8AFA64D0-7FC6-44DB-963E-81FDDB077820}.Debug|Any CPU.ActiveCfg = Debug|Any CPU
		{8AFA64D0-7FC6-44DB-963E-81FDDB077820}.Debug|Any CPU.Build.0 = Debug|Any CPU
		{8AFA64D0-7FC6-44DB-963E-81FDDB077820}.Release|Any CPU.ActiveCfg = Release|Any CPU
		{8AFA64D0-7FC6-44DB-963E-81FDDB077820}.Release|Any CPU.Build.0 = Release|Any CPU
		{4BA8D738-1A7E-40E6-BB12-8706E79A72C7}.Debug|Any CPU.ActiveCfg = Debug|Any CPU
		{4BA8D738-1A7E-40E6-BB12-8706E79A72C7}.Debug|Any CPU.Build.0 = Debug|Any CPU
		{4BA8D738-1A7E-40E6-BB12-8706E79A72C7}.Release|Any CPU.ActiveCfg = Release|Any CPU
		{4BA8D738-1A7E-40E6-BB12-8706E79A72C7}.Release|Any CPU.Build.0 = Release|Any CPU
		{A871EC22-5DAF-4083-8567-679678EDF6D7}.Debug|Any CPU.ActiveCfg = Debug|Any CPU
		{A871EC22-5DAF-4083-8567-679678EDF6D7}.Debug|Any CPU.Build.0 = Debug|Any CPU
		{A871EC22-5DAF-4083-8567-679678EDF6D7}.Release|Any CPU.ActiveCfg = Release|Any CPU
		{A871EC22-5DAF-4083-8567-679678EDF6D7}.Release|Any CPU.Build.0 = Release|Any CPU
		{906C637D-5668-45A9-AD94-BFE5921554B9}.Debug|Any CPU.ActiveCfg = Debug|Any CPU
		{906C637D-5668-45A9-AD94-BFE5921554B9}.Debug|Any CPU.Build.0 = Debug|Any CPU
		{906C637D-5668-45A9-AD94-BFE5921554B9}.Release|Any CPU.ActiveCfg = Release|Any CPU
		{906C637D-5668-45A9-AD94-BFE5921554B9}.Release|Any CPU.Build.0 = Release|Any CPU
		{CDBE5431-26F7-462B-B200-7AE5CA6AF4C2}.Debug|Any CPU.ActiveCfg = Debug|Any CPU
		{CDBE5431-26F7-462B-B200-7AE5CA6AF4C2}.Debug|Any CPU.Build.0 = Debug|Any CPU
		{CDBE5431-26F7-462B-B200-7AE5CA6AF4C2}.Release|Any CPU.ActiveCfg = Release|Any CPU
		{CDBE5431-26F7-462B-B200-7AE5CA6AF4C2}.Release|Any CPU.Build.0 = Release|Any CPU
		{F729BA7C-07DD-430F-B436-961B09CD8C16}.Debug|Any CPU.ActiveCfg = Debug|Any CPU
		{F729BA7C-07DD-430F-B436-961B09CD8C16}.Debug|Any CPU.Build.0 = Debug|Any CPU
		{F729BA7C-07DD-430F-B436-961B09CD8C16}.Release|Any CPU.ActiveCfg = Release|Any CPU
		{F729BA7C-07DD-430F-B436-961B09CD8C16}.Release|Any CPU.Build.0 = Release|Any CPU
		{9C735847-5BEE-4B40-BF8E-EF2BC35A3837}.Debug|Any CPU.ActiveCfg = Debug|Any CPU
		{9C735847-5BEE-4B40-BF8E-EF2BC35A3837}.Debug|Any CPU.Build.0 = Debug|Any CPU
		{9C735847-5BEE-4B40-BF8E-EF2BC35A3837}.Release|Any CPU.ActiveCfg = Release|Any CPU
		{9C735847-5BEE-4B40-BF8E-EF2BC35A3837}.Release|Any CPU.Build.0 = Release|Any CPU
		{A60C3695-EF0E-4F6C-A18C-4AB5C8BA970B}.Debug|Any CPU.ActiveCfg = Debug|Any CPU
		{A60C3695-EF0E-4F6C-A18C-4AB5C8BA970B}.Debug|Any CPU.Build.0 = Debug|Any CPU
		{A60C3695-EF0E-4F6C-A18C-4AB5C8BA970B}.Release|Any CPU.ActiveCfg = Release|Any CPU
		{A60C3695-EF0E-4F6C-A18C-4AB5C8BA970B}.Release|Any CPU.Build.0 = Release|Any CPU
		{A497E7D7-2693-4BF7-B383-EC5EB29270F1}.Debug|Any CPU.ActiveCfg = Debug|Any CPU
		{A497E7D7-2693-4BF7-B383-EC5EB29270F1}.Debug|Any CPU.Build.0 = Debug|Any CPU
		{A497E7D7-2693-4BF7-B383-EC5EB29270F1}.Release|Any CPU.ActiveCfg = Release|Any CPU
		{A497E7D7-2693-4BF7-B383-EC5EB29270F1}.Release|Any CPU.Build.0 = Release|Any CPU
		{C15D093B-FD4B-4126-B596-5554D7568062}.Debug|Any CPU.ActiveCfg = Debug|Any CPU
		{C15D093B-FD4B-4126-B596-5554D7568062}.Debug|Any CPU.Build.0 = Debug|Any CPU
		{C15D093B-FD4B-4126-B596-5554D7568062}.Release|Any CPU.ActiveCfg = Release|Any CPU
		{C15D093B-FD4B-4126-B596-5554D7568062}.Release|Any CPU.Build.0 = Release|Any CPU
		{974177E0-7F76-4E85-967D-A8E8F69E38C0}.Debug|Any CPU.ActiveCfg = Debug|Any CPU
		{974177E0-7F76-4E85-967D-A8E8F69E38C0}.Debug|Any CPU.Build.0 = Debug|Any CPU
		{974177E0-7F76-4E85-967D-A8E8F69E38C0}.Release|Any CPU.ActiveCfg = Release|Any CPU
		{974177E0-7F76-4E85-967D-A8E8F69E38C0}.Release|Any CPU.Build.0 = Release|Any CPU
		{AF4B682A-4DFB-4D89-A30E-1201FBB03588}.Debug|Any CPU.ActiveCfg = Debug|Any CPU
		{AF4B682A-4DFB-4D89-A30E-1201FBB03588}.Debug|Any CPU.Build.0 = Debug|Any CPU
		{AF4B682A-4DFB-4D89-A30E-1201FBB03588}.Release|Any CPU.ActiveCfg = Release|Any CPU
		{AF4B682A-4DFB-4D89-A30E-1201FBB03588}.Release|Any CPU.Build.0 = Release|Any CPU
		{C6E62C12-5B9B-4FFB-9BEE-BA4DC28909CF}.Debug|Any CPU.ActiveCfg = Debug|Any CPU
		{C6E62C12-5B9B-4FFB-9BEE-BA4DC28909CF}.Debug|Any CPU.Build.0 = Debug|Any CPU
		{C6E62C12-5B9B-4FFB-9BEE-BA4DC28909CF}.Release|Any CPU.ActiveCfg = Release|Any CPU
		{C6E62C12-5B9B-4FFB-9BEE-BA4DC28909CF}.Release|Any CPU.Build.0 = Release|Any CPU
		{0B4E2B56-FB0C-4FDB-B96F-2E09DCB1D7A2}.Debug|Any CPU.ActiveCfg = Debug|Any CPU
		{0B4E2B56-FB0C-4FDB-B96F-2E09DCB1D7A2}.Debug|Any CPU.Build.0 = Debug|Any CPU
		{0B4E2B56-FB0C-4FDB-B96F-2E09DCB1D7A2}.Release|Any CPU.ActiveCfg = Release|Any CPU
		{0B4E2B56-FB0C-4FDB-B96F-2E09DCB1D7A2}.Release|Any CPU.Build.0 = Release|Any CPU
		{04D7F337-C906-4852-831B-7B6FAEACC6DD}.Debug|Any CPU.ActiveCfg = Debug|Any CPU
		{04D7F337-C906-4852-831B-7B6FAEACC6DD}.Debug|Any CPU.Build.0 = Debug|Any CPU
		{04D7F337-C906-4852-831B-7B6FAEACC6DD}.Release|Any CPU.ActiveCfg = Release|Any CPU
		{04D7F337-C906-4852-831B-7B6FAEACC6DD}.Release|Any CPU.Build.0 = Release|Any CPU
		{CEE8302F-861C-4BF2-92AC-746C36A85387}.Debug|Any CPU.ActiveCfg = Debug|Any CPU
		{CEE8302F-861C-4BF2-92AC-746C36A85387}.Debug|Any CPU.Build.0 = Debug|Any CPU
		{CEE8302F-861C-4BF2-92AC-746C36A85387}.Release|Any CPU.ActiveCfg = Release|Any CPU
		{CEE8302F-861C-4BF2-92AC-746C36A85387}.Release|Any CPU.Build.0 = Release|Any CPU
		{793B7824-B60D-4371-B555-E9C503506567}.Debug|Any CPU.ActiveCfg = Debug|Any CPU
		{793B7824-B60D-4371-B555-E9C503506567}.Debug|Any CPU.Build.0 = Debug|Any CPU
		{793B7824-B60D-4371-B555-E9C503506567}.Release|Any CPU.ActiveCfg = Release|Any CPU
		{793B7824-B60D-4371-B555-E9C503506567}.Release|Any CPU.Build.0 = Release|Any CPU
		{06436F6F-4D28-463D-9B88-36C93EDC3D7D}.Debug|Any CPU.ActiveCfg = Debug|Any CPU
		{06436F6F-4D28-463D-9B88-36C93EDC3D7D}.Debug|Any CPU.Build.0 = Debug|Any CPU
		{06436F6F-4D28-463D-9B88-36C93EDC3D7D}.Release|Any CPU.ActiveCfg = Release|Any CPU
		{06436F6F-4D28-463D-9B88-36C93EDC3D7D}.Release|Any CPU.Build.0 = Release|Any CPU
	EndGlobalSection
	GlobalSection(SolutionProperties) = preSolution
		HideSolutionNode = FALSE
	EndGlobalSection
	GlobalSection(NestedProjects) = preSolution
		{4A06B979-7179-4DBE-8E7B-39AE904A4860} = {80A5BE22-009C-4C4D-A676-A4A5513A3DDD}
		{8AFA64D0-7FC6-44DB-963E-81FDDB077820} = {80A5BE22-009C-4C4D-A676-A4A5513A3DDD}
		{4BA8D738-1A7E-40E6-BB12-8706E79A72C7} = {80A5BE22-009C-4C4D-A676-A4A5513A3DDD}
		{A871EC22-5DAF-4083-8567-679678EDF6D7} = {80A5BE22-009C-4C4D-A676-A4A5513A3DDD}
		{906C637D-5668-45A9-AD94-BFE5921554B9} = {80A5BE22-009C-4C4D-A676-A4A5513A3DDD}
		{CDBE5431-26F7-462B-B200-7AE5CA6AF4C2} = {961BB65A-40C3-4433-A3A9-537EEB5BC7F1}
		{F729BA7C-07DD-430F-B436-961B09CD8C16} = {961BB65A-40C3-4433-A3A9-537EEB5BC7F1}
		{9C735847-5BEE-4B40-BF8E-EF2BC35A3837} = {961BB65A-40C3-4433-A3A9-537EEB5BC7F1}
		{A60C3695-EF0E-4F6C-A18C-4AB5C8BA970B} = {961BB65A-40C3-4433-A3A9-537EEB5BC7F1}
		{A497E7D7-2693-4BF7-B383-EC5EB29270F1} = {961BB65A-40C3-4433-A3A9-537EEB5BC7F1}
		{C15D093B-FD4B-4126-B596-5554D7568062} = {B5BB389B-4E13-4B93-9D02-4B1B73EC4253}
		{974177E0-7F76-4E85-967D-A8E8F69E38C0} = {B5BB389B-4E13-4B93-9D02-4B1B73EC4253}
		{AF4B682A-4DFB-4D89-A30E-1201FBB03588} = {B5BB389B-4E13-4B93-9D02-4B1B73EC4253}
		{C6E62C12-5B9B-4FFB-9BEE-BA4DC28909CF} = {B5BB389B-4E13-4B93-9D02-4B1B73EC4253}
		{0B4E2B56-FB0C-4FDB-B96F-2E09DCB1D7A2} = {7E2B4119-E35D-4B30-9BDE-6378C5A94675}
		{04D7F337-C906-4852-831B-7B6FAEACC6DD} = {7E2B4119-E35D-4B30-9BDE-6378C5A94675}
		{CEE8302F-861C-4BF2-92AC-746C36A85387} = {7E2B4119-E35D-4B30-9BDE-6378C5A94675}
		{793B7824-B60D-4371-B555-E9C503506567} = {7E2B4119-E35D-4B30-9BDE-6378C5A94675}
		{06436F6F-4D28-463D-9B88-36C93EDC3D7D} = {BD1D7926-566B-44CD-A11E-1CD93920F3FF}
	EndGlobalSection
	GlobalSection(ExtensibilityGlobals) = postSolution
		SolutionGuid = {BF8D8869-403F-4235-8E35-297A3BB06E29}
	EndGlobalSection
EndGlobal
